{
    "version": 3,
    "terraform_version": "0.8.7",
    "serial": 0,
    "lineage": "c95d7a69-cc67-43f2-aba3-2acf2618dfe1",
    "modules": [
        {
            "path": [
                "root"
            ],
            "outputs": {
                "DSE_ONLY_Bootstrap": {
                    "sensitive": false,
                    "type": "string",
                    "value": "#!/usr/bin/env bash\n\ncd /home/opc\n\ncurl https://raw.githubusercontent.com/DSPN/oracle-bare-metal-cloud-dse/master/extensions/node.sh \u003e node.sh\n\nchmod +x node.sh\n\n\n./node.sh us-phoenix-1 10.0.0.2"
                },
                "DSE_OPSC_Bootstrap": {
                    "sensitive": false,
                    "type": "string",
                    "value": "#!/usr/bin/env bash\n\ncd /home/opc\n\ncurl https://raw.githubusercontent.com/DSPN/oracle-bare-metal-cloud-dse/master/extensions/node.sh \u003e node.sh\n\nchmod +x node.sh\n\n\n./node.sh us-phoenix-1\n\ncurl https://raw.githubusercontent.com/DSPN/oracle-bare-metal-cloud-dse/master/extensions/opscenter.sh \u003e opscenter.sh\n\nchmod +x opscenter.sh\n\n./opscenter.sh bmc\n\n"
                },
                "DSE_OPSC_PrivateIP": {
                    "sensitive": false,
                    "type": "list",
                    "value": [
                        "10.0.0.2"
                    ]
                },
                "GML_Test": {
                    "sensitive": false,
                    "type": "string",
                    "value": "Hello"
                }
            },
            "resources": {
                "baremetal_core_instance.DSE_OPSC": {
                    "type": "baremetal_core_instance",
                    "depends_on": [
                        "baremetal_core_subnet.DataStax_PublicSubnet_AD",
                        "data.baremetal_core_images.OLImageOCID",
                        "data.baremetal_identity_availability_domains.ADs"
                    ],
                    "primary": {
                        "id": "ocid1.instance.oc1.phx.abyhqljsugrza4acfhsl2xqow7i5thqvlwdhgnjn5tjidsp24r77o4mggwaa",
                        "attributes": {
                            "availability_domain": "FcAL:PHX-AD-1",
                            "compartment_id": "ocid1.compartment.oc1..aaaaaaaawgpykgu7qgxq3c336hxl7nbtrbgjjbcbrcwp5vhluwglh5mlio2q",
                            "display_name": "DSE_OPSC",
                            "id": "ocid1.instance.oc1.phx.abyhqljsugrza4acfhsl2xqow7i5thqvlwdhgnjn5tjidsp24r77o4mggwaa",
                            "image": "ocid1.image.oc1.phx.aaaaaaaaevkccuto7ja4yhahz6rguhqbuomimqsig6sgxd55hjomzepyeqda",
                            "metadata.%": "2",
                            "metadata.ssh_authorized_keys": "ssh-rsa AAAAB3NzaC1yc2EAAAADAQABAAABAQDAmdcyvIQnD497+A8X66VKdIqc7fhzm4dDUyazfg3qW5HudcPFmXi6kpyzkkzqgzk7l60cjVnCPcb+kV9LHs3i5hjQS63//NbRcz/YbPP6ICczWlebuHC1Ei0LcJTVDHt/alFBzlCIywFiTNogezcsXGLOgHmzIYE/PCPnpAiBALsC+0xJSafOiyQXtJBFcNl8VWflnZVtyGs+PVErc7/18BWpQ8bHCwycYFeqy/b1QfRSJ3HOR2tCGP66HTGJM89V/uLDEC1i95YZompHm4NaCI+f99CoszGbqmVEtdqEuF0C9MjLctUAkTC/LlBcgrOEcUFyQkkowZBBhMNOUQmz gilbertlau@MacBook-2.local",
                            "metadata.user_data": "IyEvdXNyL2Jpbi9lbnYgYmFzaAoKY2QgL2hvbWUvb3BjCgpjdXJsIGh0dHBzOi8vcmF3LmdpdGh1YnVzZXJjb250ZW50LmNvbS9EU1BOL29yYWNsZS1iYXJlLW1ldGFsLWNsb3VkLWRzZS9tYXN0ZXIvZXh0ZW5zaW9ucy9ub2RlLnNoID4gbm9kZS5zaAoKY2htb2QgK3ggbm9kZS5zaAoK",
                            "region": "phx",
                            "shape": "BM.HighIO1.36",
                            "state": "RUNNING",
                            "subnet_id": "ocid1.subnet.oc1.phx.aaaaaaaaippvg2lxausllfawyxush7t3nv3ywfyj6rtb5lbps6u2kanyo5eq",
                            "time_created": "2017-04-09 03:42:42.266 +0000 UTC"
                        },
                        "meta": {},
                        "tainted": false
                    },
                    "deposed": [],
                    "provider": ""
                },
                "baremetal_core_internet_gateway.DataStax_IG": {
                    "type": "baremetal_core_internet_gateway",
                    "depends_on": [
                        "baremetal_core_virtual_network.DataStax_VCN"
                    ],
                    "primary": {
                        "id": "ocid1.internetgateway.oc1.phx.aaaaaaaaeg4mumravobuahp2lwazgexcevkieoryexxvv3kuwv7wfh3biebq",
                        "attributes": {
                            "compartment_id": "ocid1.compartment.oc1..aaaaaaaawgpykgu7qgxq3c336hxl7nbtrbgjjbcbrcwp5vhluwglh5mlio2q",
                            "display_name": "DataStax_IG",
                            "enabled": "true",
                            "id": "ocid1.internetgateway.oc1.phx.aaaaaaaaeg4mumravobuahp2lwazgexcevkieoryexxvv3kuwv7wfh3biebq",
                            "state": "AVAILABLE",
                            "time_created": "2017-04-09 03:42:37.843 +0000 UTC",
                            "time_modified": "0001-01-01 00:00:00 +0000 UTC",
                            "vcn_id": "ocid1.vcn.oc1.phx.aaaaaaaamwa7rtxgzovtbxhfvg24d2flyxnzemsofzaieaszyedceqkrx5rq"
                        },
                        "meta": {},
                        "tainted": false
                    },
                    "deposed": [],
                    "provider": ""
                },
                "baremetal_core_route_table.DataStax_RT": {
                    "type": "baremetal_core_route_table",
                    "depends_on": [
                        "baremetal_core_internet_gateway.DataStax_IG",
                        "baremetal_core_virtual_network.DataStax_VCN"
                    ],
                    "primary": {
                        "id": "ocid1.routetable.oc1.phx.aaaaaaaadjw54iu25islx3t67wf4ht3rhvkgy322et3hwk7nvvd6yhr5jcuq",
                        "attributes": {
                            "compartment_id": "ocid1.compartment.oc1..aaaaaaaawgpykgu7qgxq3c336hxl7nbtrbgjjbcbrcwp5vhluwglh5mlio2q",
                            "display_name": "DataStax_RT",
                            "id": "ocid1.routetable.oc1.phx.aaaaaaaadjw54iu25islx3t67wf4ht3rhvkgy322et3hwk7nvvd6yhr5jcuq",
                            "route_rules.#": "1",
                            "route_rules.0.cidr_block": "0.0.0.0/0",
                            "route_rules.0.network_entity_id": "ocid1.internetgateway.oc1.phx.aaaaaaaaeg4mumravobuahp2lwazgexcevkieoryexxvv3kuwv7wfh3biebq",
                            "state": "AVAILABLE",
                            "time_created": "2017-04-09 03:42:38.951 +0000 UTC",
                            "time_modified": "0001-01-01 00:00:00 +0000 UTC",
                            "vcn_id": "ocid1.vcn.oc1.phx.aaaaaaaamwa7rtxgzovtbxhfvg24d2flyxnzemsofzaieaszyedceqkrx5rq"
                        },
                        "meta": {},
                        "tainted": false
                    },
                    "deposed": [],
                    "provider": ""
                },
                "baremetal_core_security_list.DataStax_PublicSubnet": {
                    "type": "baremetal_core_security_list",
                    "depends_on": [
                        "baremetal_core_virtual_network.DataStax_VCN"
                    ],
                    "primary": {
                        "id": "ocid1.securitylist.oc1.phx.aaaaaaaahedrvtief7calzeggscjnawulj53n2ossijtuljsepi4hhlucoza",
                        "attributes": {
                            "compartment_id": "ocid1.compartment.oc1..aaaaaaaawgpykgu7qgxq3c336hxl7nbtrbgjjbcbrcwp5vhluwglh5mlio2q",
                            "display_name": "DataStax_PublicSubnet",
                            "egress_security_rules.#": "1",
                            "egress_security_rules.0.destination": "0.0.0.0/0",
                            "egress_security_rules.0.icmp_options.#": "0",
                            "egress_security_rules.0.protocol": "6",
                            "egress_security_rules.0.stateless": "false",
                            "egress_security_rules.0.tcp_options.#": "0",
                            "egress_security_rules.0.udp_options.#": "0",
                            "id": "ocid1.securitylist.oc1.phx.aaaaaaaahedrvtief7calzeggscjnawulj53n2ossijtuljsepi4hhlucoza",
                            "ingress_security_rules.#": "9",
                            "ingress_security_rules.0.icmp_options.#": "0",
                            "ingress_security_rules.0.protocol": "6",
                            "ingress_security_rules.0.source": "0.0.0.0/0",
                            "ingress_security_rules.0.tcp_options.#": "1",
                            "ingress_security_rules.0.tcp_options.0.max": "22",
                            "ingress_security_rules.0.tcp_options.0.min": "22",
                            "ingress_security_rules.0.udp_options.#": "0",
                            "ingress_security_rules.1.icmp_options.#": "0",
                            "ingress_security_rules.1.protocol": "6",
                            "ingress_security_rules.1.source": "0.0.0.0/0",
                            "ingress_security_rules.1.tcp_options.#": "1",
                            "ingress_security_rules.1.tcp_options.0.max": "443",
                            "ingress_security_rules.1.tcp_options.0.min": "443",
                            "ingress_security_rules.1.udp_options.#": "0",
                            "ingress_security_rules.2.icmp_options.#": "0",
                            "ingress_security_rules.2.protocol": "6",
                            "ingress_security_rules.2.source": "0.0.0.0/0",
                            "ingress_security_rules.2.tcp_options.#": "1",
                            "ingress_security_rules.2.tcp_options.0.max": "7001",
                            "ingress_security_rules.2.tcp_options.0.min": "7000",
                            "ingress_security_rules.2.udp_options.#": "0",
                            "ingress_security_rules.3.icmp_options.#": "0",
                            "ingress_security_rules.3.protocol": "6",
                            "ingress_security_rules.3.source": "0.0.0.0/0",
                            "ingress_security_rules.3.tcp_options.#": "1",
                            "ingress_security_rules.3.tcp_options.0.max": "7199",
                            "ingress_security_rules.3.tcp_options.0.min": "7199",
                            "ingress_security_rules.3.udp_options.#": "0",
                            "ingress_security_rules.4.icmp_options.#": "0",
                            "ingress_security_rules.4.protocol": "6",
                            "ingress_security_rules.4.source": "0.0.0.0/0",
                            "ingress_security_rules.4.tcp_options.#": "1",
                            "ingress_security_rules.4.tcp_options.0.max": "8443",
                            "ingress_security_rules.4.tcp_options.0.min": "8443",
                            "ingress_security_rules.4.udp_options.#": "0",
                            "ingress_security_rules.5.icmp_options.#": "0",
                            "ingress_security_rules.5.protocol": "6",
                            "ingress_security_rules.5.source": "0.0.0.0/0",
                            "ingress_security_rules.5.tcp_options.#": "1",
                            "ingress_security_rules.5.tcp_options.0.max": "8888",
                            "ingress_security_rules.5.tcp_options.0.min": "8888",
                            "ingress_security_rules.5.udp_options.#": "0",
                            "ingress_security_rules.6.icmp_options.#": "0",
                            "ingress_security_rules.6.protocol": "6",
                            "ingress_security_rules.6.source": "0.0.0.0/0",
                            "ingress_security_rules.6.tcp_options.#": "1",
                            "ingress_security_rules.6.tcp_options.0.max": "9042",
                            "ingress_security_rules.6.tcp_options.0.min": "9042",
                            "ingress_security_rules.6.udp_options.#": "0",
                            "ingress_security_rules.7.icmp_options.#": "0",
                            "ingress_security_rules.7.protocol": "6",
                            "ingress_security_rules.7.source": "0.0.0.0/0",
                            "ingress_security_rules.7.tcp_options.#": "1",
                            "ingress_security_rules.7.tcp_options.0.max": "9160",
                            "ingress_security_rules.7.tcp_options.0.min": "9160",
                            "ingress_security_rules.7.udp_options.#": "0",
                            "ingress_security_rules.8.icmp_options.#": "0",
                            "ingress_security_rules.8.protocol": "6",
                            "ingress_security_rules.8.source": "0.0.0.0/0",
                            "ingress_security_rules.8.tcp_options.#": "1",
                            "ingress_security_rules.8.tcp_options.0.max": "61621",
                            "ingress_security_rules.8.tcp_options.0.min": "61620",
                            "ingress_security_rules.8.udp_options.#": "0",
                            "state": "AVAILABLE",
                            "time_created": "2017-04-09 03:42:38.78 +0000 UTC",
                            "vcn_id": "ocid1.vcn.oc1.phx.aaaaaaaamwa7rtxgzovtbxhfvg24d2flyxnzemsofzaieaszyedceqkrx5rq"
                        },
                        "meta": {},
                        "tainted": false
                    },
                    "deposed": [],
                    "provider": ""
                },
                "baremetal_core_subnet.DataStax_PublicSubnet_AD.0": {
                    "type": "baremetal_core_subnet",
                    "depends_on": [
                        "baremetal_core_route_table.DataStax_RT",
                        "baremetal_core_security_list.DataStax_PublicSubnet",
                        "baremetal_core_virtual_network.DataStax_VCN",
                        "data.baremetal_identity_availability_domains.ADs"
                    ],
                    "primary": {
                        "id": "ocid1.subnet.oc1.phx.aaaaaaaaippvg2lxausllfawyxush7t3nv3ywfyj6rtb5lbps6u2kanyo5eq",
                        "attributes": {
                            "availability_domain": "FcAL:PHX-AD-1",
                            "cidr_block": "10.0.0.0/24",
                            "compartment_id": "ocid1.compartment.oc1..aaaaaaaawgpykgu7qgxq3c336hxl7nbtrbgjjbcbrcwp5vhluwglh5mlio2q",
                            "display_name": "PublicSubnetAD-0",
                            "id": "ocid1.subnet.oc1.phx.aaaaaaaaippvg2lxausllfawyxush7t3nv3ywfyj6rtb5lbps6u2kanyo5eq",
                            "route_table_id": "ocid1.routetable.oc1.phx.aaaaaaaadjw54iu25islx3t67wf4ht3rhvkgy322et3hwk7nvvd6yhr5jcuq",
                            "security_list_ids.#": "1",
                            "security_list_ids.0": "ocid1.securitylist.oc1.phx.aaaaaaaahedrvtief7calzeggscjnawulj53n2ossijtuljsepi4hhlucoza",
                            "state": "AVAILABLE",
                            "time_created": "2017-04-09 03:42:39.748 +0000 UTC",
                            "vcn_id": "ocid1.vcn.oc1.phx.aaaaaaaamwa7rtxgzovtbxhfvg24d2flyxnzemsofzaieaszyedceqkrx5rq",
                            "virtual_router_id": "",
                            "virtual_router_mac": "00:00:17:AF:1D:07"
                        },
                        "meta": {},
                        "tainted": false
                    },
                    "deposed": [],
                    "provider": ""
                },
                "baremetal_core_subnet.DataStax_PublicSubnet_AD.1": {
                    "type": "baremetal_core_subnet",
                    "depends_on": [
                        "baremetal_core_route_table.DataStax_RT",
                        "baremetal_core_security_list.DataStax_PublicSubnet",
                        "baremetal_core_virtual_network.DataStax_VCN",
                        "data.baremetal_identity_availability_domains.ADs"
                    ],
                    "primary": {
                        "id": "ocid1.subnet.oc1.phx.aaaaaaaacajmo3ulfjphoam2tfgwtvmyqvr2xhblcm7iqyhbqa7q5n6gbphq",
                        "attributes": {
                            "availability_domain": "FcAL:PHX-AD-2",
                            "cidr_block": "10.0.1.0/24",
                            "compartment_id": "ocid1.compartment.oc1..aaaaaaaawgpykgu7qgxq3c336hxl7nbtrbgjjbcbrcwp5vhluwglh5mlio2q",
                            "display_name": "PublicSubnetAD-1",
                            "id": "ocid1.subnet.oc1.phx.aaaaaaaacajmo3ulfjphoam2tfgwtvmyqvr2xhblcm7iqyhbqa7q5n6gbphq",
                            "route_table_id": "ocid1.routetable.oc1.phx.aaaaaaaadjw54iu25islx3t67wf4ht3rhvkgy322et3hwk7nvvd6yhr5jcuq",
                            "security_list_ids.#": "1",
                            "security_list_ids.0": "ocid1.securitylist.oc1.phx.aaaaaaaahedrvtief7calzeggscjnawulj53n2ossijtuljsepi4hhlucoza",
                            "state": "AVAILABLE",
                            "time_created": "2017-04-09 03:42:40.075 +0000 UTC",
                            "vcn_id": "ocid1.vcn.oc1.phx.aaaaaaaamwa7rtxgzovtbxhfvg24d2flyxnzemsofzaieaszyedceqkrx5rq",
                            "virtual_router_id": "",
                            "virtual_router_mac": "00:00:17:AF:1D:07"
                        },
                        "meta": {},
                        "tainted": false
                    },
                    "deposed": [],
                    "provider": ""
                },
                "baremetal_core_subnet.DataStax_PublicSubnet_AD.2": {
                    "type": "baremetal_core_subnet",
                    "depends_on": [
                        "baremetal_core_route_table.DataStax_RT",
                        "baremetal_core_security_list.DataStax_PublicSubnet",
                        "baremetal_core_virtual_network.DataStax_VCN",
                        "data.baremetal_identity_availability_domains.ADs"
                    ],
                    "primary": {
                        "id": "ocid1.subnet.oc1.phx.aaaaaaaa4hif2moxq4uwmtz6jmpsuz7iwvx7p3wti7gvd4btpseadg5bwfya",
                        "attributes": {
                            "availability_domain": "FcAL:PHX-AD-3",
                            "cidr_block": "10.0.2.0/24",
                            "compartment_id": "ocid1.compartment.oc1..aaaaaaaawgpykgu7qgxq3c336hxl7nbtrbgjjbcbrcwp5vhluwglh5mlio2q",
                            "display_name": "PublicSubnetAD-2",
                            "id": "ocid1.subnet.oc1.phx.aaaaaaaa4hif2moxq4uwmtz6jmpsuz7iwvx7p3wti7gvd4btpseadg5bwfya",
                            "route_table_id": "ocid1.routetable.oc1.phx.aaaaaaaadjw54iu25islx3t67wf4ht3rhvkgy322et3hwk7nvvd6yhr5jcuq",
                            "security_list_ids.#": "1",
                            "security_list_ids.0": "ocid1.securitylist.oc1.phx.aaaaaaaahedrvtief7calzeggscjnawulj53n2ossijtuljsepi4hhlucoza",
                            "state": "AVAILABLE",
                            "time_created": "2017-04-09 03:42:39.628 +0000 UTC",
                            "vcn_id": "ocid1.vcn.oc1.phx.aaaaaaaamwa7rtxgzovtbxhfvg24d2flyxnzemsofzaieaszyedceqkrx5rq",
                            "virtual_router_id": "",
                            "virtual_router_mac": "00:00:17:AF:1D:07"
                        },
                        "meta": {},
                        "tainted": false
                    },
                    "deposed": [],
                    "provider": ""
                },
                "baremetal_core_virtual_network.DataStax_VCN": {
                    "type": "baremetal_core_virtual_network",
                    "depends_on": [],
                    "primary": {
                        "id": "ocid1.vcn.oc1.phx.aaaaaaaamwa7rtxgzovtbxhfvg24d2flyxnzemsofzaieaszyedceqkrx5rq",
                        "attributes": {
                            "cidr_block": "10.0.0.0/16",
                            "compartment_id": "ocid1.compartment.oc1..aaaaaaaawgpykgu7qgxq3c336hxl7nbtrbgjjbcbrcwp5vhluwglh5mlio2q",
                            "default_route_table_id": "ocid1.routetable.oc1.phx.aaaaaaaabbuaeukhkqgwhlvhfbvovoiq7hinopwwlnwhci7pslm4ozsemuuq",
                            "default_security_list_id": "ocid1.securitylist.oc1.phx.aaaaaaaafb377bhfvt2ppppvyqdrrroysadisv66czj4bqk6qsv4gujkwy5q",
                            "display_name": "DataStax_VCN",
                            "id": "ocid1.vcn.oc1.phx.aaaaaaaamwa7rtxgzovtbxhfvg24d2flyxnzemsofzaieaszyedceqkrx5rq",
                            "state": "AVAILABLE",
                            "time_created": "2017-04-09 03:42:36.317 +0000 UTC"
                        },
                        "meta": {},
                        "tainted": false
                    },
                    "deposed": [],
                    "provider": ""
                },
                "data.baremetal_core_images.OLImageOCID": {
                    "type": "baremetal_core_images",
                    "depends_on": [],
                    "primary": {
                        "id": "2017-04-09 03:42:35.321958113 +0000 UTC",
                        "attributes": {
                            "compartment_id": "ocid1.compartment.oc1..aaaaaaaawgpykgu7qgxq3c336hxl7nbtrbgjjbcbrcwp5vhluwglh5mlio2q",
                            "id": "2017-04-09 03:42:35.321958113 +0000 UTC",
                            "images.#": "1",
                            "images.0.base_image_id": "",
                            "images.0.compartment_id": "",
                            "images.0.create_image_allowed": "true",
                            "images.0.display_name": "Oracle-Linux-7.3-2017.03.03-0",
                            "images.0.id": "ocid1.image.oc1.phx.aaaaaaaaevkccuto7ja4yhahz6rguhqbuomimqsig6sgxd55hjomzepyeqda",
                            "images.0.instance_id": "",
                            "images.0.operating_system": "Oracle Linux",
                            "images.0.operating_system_version": "7.3",
                            "images.0.state": "AVAILABLE",
                            "images.0.time_created": "2017-03-03 19:04:30.824 +0000 UTC",
                            "operating_system": "Oracle Linux",
                            "operating_system_version": "7.3"
                        },
                        "meta": {},
                        "tainted": false
                    },
                    "deposed": [],
                    "provider": ""
                },
                "data.baremetal_core_vnic.DSE_OPSC_Vnic": {
                    "type": "baremetal_core_vnic",
                    "depends_on": [
                        "data.baremetal_core_vnic_attachments.DSE_OPSC_Vnics"
                    ],
                    "primary": {
                        "id": "ocid1.vnic.oc1.phx.abyhqljsj7ywsw6ycp67ixinmphgftogl74jeyjb5jk5tkdjzmzdg77vtnxq",
                        "attributes": {
                            "availability_domain": "FcAL:PHX-AD-1",
                            "compartment_id": "ocid1.compartment.oc1..aaaaaaaawgpykgu7qgxq3c336hxl7nbtrbgjjbcbrcwp5vhluwglh5mlio2q",
                            "display_name": "DSE_OPSC",
                            "id": "ocid1.vnic.oc1.phx.abyhqljsj7ywsw6ycp67ixinmphgftogl74jeyjb5jk5tkdjzmzdg77vtnxq",
                            "private_ip_address": "10.0.0.2",
                            "public_ip_address": "129.146.36.234",
                            "state": "AVAILABLE",
                            "subnet_id": "ocid1.subnet.oc1.phx.aaaaaaaaippvg2lxausllfawyxush7t3nv3ywfyj6rtb5lbps6u2kanyo5eq",
                            "vnic_id": "ocid1.vnic.oc1.phx.abyhqljsj7ywsw6ycp67ixinmphgftogl74jeyjb5jk5tkdjzmzdg77vtnxq"
                        },
                        "meta": {},
                        "tainted": false
                    },
                    "deposed": [],
                    "provider": ""
                },
                "data.baremetal_core_vnic_attachments.DSE_OPSC_Vnics": {
                    "type": "baremetal_core_vnic_attachments",
                    "depends_on": [
                        "baremetal_core_instance.DSE_OPSC",
                        "data.baremetal_identity_availability_domains.ADs"
                    ],
                    "primary": {
                        "id": "2017-04-09 03:45:47.069601933 +0000 UTC",
                        "attributes": {
                            "availability_domain": "FcAL:PHX-AD-1",
                            "compartment_id": "ocid1.compartment.oc1..aaaaaaaawgpykgu7qgxq3c336hxl7nbtrbgjjbcbrcwp5vhluwglh5mlio2q",
                            "id": "2017-04-09 03:45:47.069601933 +0000 UTC",
                            "instance_id": "ocid1.instance.oc1.phx.abyhqljsugrza4acfhsl2xqow7i5thqvlwdhgnjn5tjidsp24r77o4mggwaa",
                            "vnic_attachments.#": "1",
                            "vnic_attachments.0.availability_domain": "FcAL:PHX-AD-1",
                            "vnic_attachments.0.compartment_id": "ocid1.compartment.oc1..aaaaaaaawgpykgu7qgxq3c336hxl7nbtrbgjjbcbrcwp5vhluwglh5mlio2q",
                            "vnic_attachments.0.display_name": "",
                            "vnic_attachments.0.id": "ocid1.vnicattachment.oc1.phx.abyhqljsbihscjaj7y7s3zijlj5w6vjqfdpggicxind674fi6ds2ceyfvvha",
                            "vnic_attachments.0.instance_id": "ocid1.instance.oc1.phx.abyhqljsugrza4acfhsl2xqow7i5thqvlwdhgnjn5tjidsp24r77o4mggwaa",
                            "vnic_attachments.0.state": "ATTACHED",
                            "vnic_attachments.0.subnet_id": "ocid1.subnet.oc1.phx.aaaaaaaaippvg2lxausllfawyxush7t3nv3ywfyj6rtb5lbps6u2kanyo5eq",
                            "vnic_attachments.0.time_created": "Sun, 09 Apr 2017 03:42:47 UTC",
                            "vnic_attachments.0.vnic_id": "ocid1.vnic.oc1.phx.abyhqljsj7ywsw6ycp67ixinmphgftogl74jeyjb5jk5tkdjzmzdg77vtnxq"
                        },
                        "meta": {},
                        "tainted": false
                    },
                    "deposed": [],
                    "provider": ""
                },
                "data.baremetal_identity_availability_domains.ADs": {
                    "type": "baremetal_identity_availability_domains",
                    "depends_on": [],
                    "primary": {
                        "id": "2017-04-09 03:42:35.299516211 +0000 UTC",
                        "attributes": {
                            "availability_domains.#": "3",
                            "availability_domains.0.compartment_id": "ocid1.tenancy.oc1..aaaaaaaaiecpb6fwi33blxe7x7s4btruzrzj77j2javhie3xevuifa2e7fnq",
                            "availability_domains.0.name": "FcAL:PHX-AD-1",
                            "availability_domains.1.compartment_id": "ocid1.tenancy.oc1..aaaaaaaaiecpb6fwi33blxe7x7s4btruzrzj77j2javhie3xevuifa2e7fnq",
                            "availability_domains.1.name": "FcAL:PHX-AD-2",
                            "availability_domains.2.compartment_id": "ocid1.tenancy.oc1..aaaaaaaaiecpb6fwi33blxe7x7s4btruzrzj77j2javhie3xevuifa2e7fnq",
                            "availability_domains.2.name": "FcAL:PHX-AD-3",
                            "compartment_id": "ocid1.tenancy.oc1..aaaaaaaaiecpb6fwi33blxe7x7s4btruzrzj77j2javhie3xevuifa2e7fnq",
                            "id": "2017-04-09 03:42:35.299516211 +0000 UTC"
                        },
                        "meta": {},
                        "tainted": false
                    },
                    "deposed": [],
                    "provider": ""
                }
            },
            "depends_on": []
        }
    ]
}
