{
    "version": 3,
    "terraform_version": "0.8.7",
    "serial": 0,
    "lineage": "b4380b0f-40ff-4109-89a6-947363cf97a2",
    "modules": [
        {
            "path": [
                "root"
            ],
            "outputs": {
                "DSE_Bootstrap": {
                    "sensitive": false,
                    "type": "string",
                    "value": "#!/usr/bin/env bash\n\ncd /home/opc\n\ncurl https://raw.githubusercontent.com/DSPN/oracle-bare-metal-cloud-dse/master/extensions/node.sh \u003e node.sh\n\nchmod +x node.sh\n\n\n./node.sh us-phoenix-1 10.0.0.2"
                },
                "DSE_OPSC_Bootstrap": {
                    "sensitive": false,
                    "type": "string",
                    "value": "#!/usr/bin/env bash\n\ncd /home/opc\n\ncurl https://raw.githubusercontent.com/DSPN/oracle-bare-metal-cloud-dse/master/extensions/node.sh \u003e node.sh\n\nchmod +x node.sh\n\n\n./node.sh us-phoenix-1\n\ncurl https://raw.githubusercontent.com/DSPN/oracle-bare-metal-cloud-dse/master/extensions/opscenter.sh \u003e opscenter.sh\n\nchmod +x opscenter.sh\n\n./opscenter.sh bmc\n\n"
                },
                "DSE_OPSC_PrivateIP": {
                    "sensitive": false,
                    "type": "list",
                    "value": [
                        "10.0.0.2"
                    ]
                },
                "GML_Test": {
                    "sensitive": false,
                    "type": "string",
                    "value": "Hello"
                }
            },
            "resources": {
                "baremetal_core_instance.DSE_Node_0.0": {
                    "type": "baremetal_core_instance",
                    "depends_on": [
                        "baremetal_core_instance.DSE_OPSC",
                        "baremetal_core_subnet.DataStax_PublicSubnet_AD",
                        "data.baremetal_core_images.OLImageOCID",
                        "data.baremetal_core_vnic.DSE_OPSC_Vnic",
                        "data.baremetal_identity_availability_domains.ADs"
                    ],
                    "primary": {
                        "id": "ocid1.instance.oc1.phx.abyhqljsqo2ifwtf5woycbbe5uz4wdanmi6y4zxkk65vxx3bmji6i3i6amya",
                        "attributes": {
                            "availability_domain": "FcAL:PHX-AD-1",
                            "compartment_id": "ocid1.compartment.oc1..aaaaaaaawgpykgu7qgxq3c336hxl7nbtrbgjjbcbrcwp5vhluwglh5mlio2q",
                            "display_name": "DSE_OPSC_AD_0-1",
                            "id": "ocid1.instance.oc1.phx.abyhqljsqo2ifwtf5woycbbe5uz4wdanmi6y4zxkk65vxx3bmji6i3i6amya",
                            "image": "ocid1.image.oc1.phx.aaaaaaaaevkccuto7ja4yhahz6rguhqbuomimqsig6sgxd55hjomzepyeqda",
                            "metadata.%": "2",
                            "metadata.ssh_authorized_keys": "ssh-rsa AAAAB3NzaC1yc2EAAAADAQABAAABAQDAmdcyvIQnD497+A8X66VKdIqc7fhzm4dDUyazfg3qW5HudcPFmXi6kpyzkkzqgzk7l60cjVnCPcb+kV9LHs3i5hjQS63//NbRcz/YbPP6ICczWlebuHC1Ei0LcJTVDHt/alFBzlCIywFiTNogezcsXGLOgHmzIYE/PCPnpAiBALsC+0xJSafOiyQXtJBFcNl8VWflnZVtyGs+PVErc7/18BWpQ8bHCwycYFeqy/b1QfRSJ3HOR2tCGP66HTGJM89V/uLDEC1i95YZompHm4NaCI+f99CoszGbqmVEtdqEuF0C9MjLctUAkTC/LlBcgrOEcUFyQkkowZBBhMNOUQmz gilbertlau@MacBook-2.local",
                            "metadata.user_data": "IyEvdXNyL2Jpbi9lbnYgYmFzaAoKY2QgL2hvbWUvb3BjCgpjdXJsIGh0dHBzOi8vcmF3LmdpdGh1YnVzZXJjb250ZW50LmNvbS9EU1BOL29yYWNsZS1iYXJlLW1ldGFsLWNsb3VkLWRzZS9tYXN0ZXIvZXh0ZW5zaW9ucy9ub2RlLnNoID4gbm9kZS5zaAoKY2htb2QgK3ggbm9kZS5zaAoKCi4vbm9kZS5zaCB1cy1waG9lbml4LTEgMTAuMC4wLjI=",
                            "region": "phx",
                            "shape": "VM.Standard1.4",
                            "state": "RUNNING",
                            "subnet_id": "ocid1.subnet.oc1.phx.aaaaaaaacjylxqzjhboer2zftdfc5ua6y47j2swc4dwm5jd6ippwwgrylklq",
                            "time_created": "2017-04-10 01:20:57.125 +0000 UTC"
                        },
                        "meta": {},
                        "tainted": false
                    },
                    "deposed": [],
                    "provider": ""
                },
                "baremetal_core_instance.DSE_Node_0.1": {
                    "type": "baremetal_core_instance",
                    "depends_on": [
                        "baremetal_core_instance.DSE_OPSC",
                        "baremetal_core_subnet.DataStax_PublicSubnet_AD",
                        "data.baremetal_core_images.OLImageOCID",
                        "data.baremetal_core_vnic.DSE_OPSC_Vnic",
                        "data.baremetal_identity_availability_domains.ADs"
                    ],
                    "primary": {
                        "id": "ocid1.instance.oc1.phx.abyhqljs3v5upl6izup4bqienm2qexxz2xaeoxts42gjzlcet5xws7zi2o4a",
                        "attributes": {
                            "availability_domain": "FcAL:PHX-AD-1",
                            "compartment_id": "ocid1.compartment.oc1..aaaaaaaawgpykgu7qgxq3c336hxl7nbtrbgjjbcbrcwp5vhluwglh5mlio2q",
                            "display_name": "DSE_OPSC_AD_0-2",
                            "id": "ocid1.instance.oc1.phx.abyhqljs3v5upl6izup4bqienm2qexxz2xaeoxts42gjzlcet5xws7zi2o4a",
                            "image": "ocid1.image.oc1.phx.aaaaaaaaevkccuto7ja4yhahz6rguhqbuomimqsig6sgxd55hjomzepyeqda",
                            "metadata.%": "2",
                            "metadata.ssh_authorized_keys": "ssh-rsa AAAAB3NzaC1yc2EAAAADAQABAAABAQDAmdcyvIQnD497+A8X66VKdIqc7fhzm4dDUyazfg3qW5HudcPFmXi6kpyzkkzqgzk7l60cjVnCPcb+kV9LHs3i5hjQS63//NbRcz/YbPP6ICczWlebuHC1Ei0LcJTVDHt/alFBzlCIywFiTNogezcsXGLOgHmzIYE/PCPnpAiBALsC+0xJSafOiyQXtJBFcNl8VWflnZVtyGs+PVErc7/18BWpQ8bHCwycYFeqy/b1QfRSJ3HOR2tCGP66HTGJM89V/uLDEC1i95YZompHm4NaCI+f99CoszGbqmVEtdqEuF0C9MjLctUAkTC/LlBcgrOEcUFyQkkowZBBhMNOUQmz gilbertlau@MacBook-2.local",
                            "metadata.user_data": "IyEvdXNyL2Jpbi9lbnYgYmFzaAoKY2QgL2hvbWUvb3BjCgpjdXJsIGh0dHBzOi8vcmF3LmdpdGh1YnVzZXJjb250ZW50LmNvbS9EU1BOL29yYWNsZS1iYXJlLW1ldGFsLWNsb3VkLWRzZS9tYXN0ZXIvZXh0ZW5zaW9ucy9ub2RlLnNoID4gbm9kZS5zaAoKY2htb2QgK3ggbm9kZS5zaAoKCi4vbm9kZS5zaCB1cy1waG9lbml4LTEgMTAuMC4wLjI=",
                            "region": "phx",
                            "shape": "VM.Standard1.4",
                            "state": "RUNNING",
                            "subnet_id": "ocid1.subnet.oc1.phx.aaaaaaaacjylxqzjhboer2zftdfc5ua6y47j2swc4dwm5jd6ippwwgrylklq",
                            "time_created": "2017-04-10 01:20:57.533 +0000 UTC"
                        },
                        "meta": {},
                        "tainted": false
                    },
                    "deposed": [],
                    "provider": ""
                },
                "baremetal_core_instance.DSE_Node_1.0": {
                    "type": "baremetal_core_instance",
                    "depends_on": [
                        "baremetal_core_subnet.DataStax_PublicSubnet_AD",
                        "data.baremetal_core_images.OLImageOCID",
                        "data.baremetal_core_vnic.DSE_OPSC_Vnic",
                        "data.baremetal_identity_availability_domains.ADs"
                    ],
                    "primary": {
                        "id": "ocid1.instance.oc1.phx.abyhqljrsivneo6o57l3272em5icujasjltgzrdvrcnfedhjccdcvjdm6g2q",
                        "attributes": {
                            "availability_domain": "FcAL:PHX-AD-2",
                            "compartment_id": "ocid1.compartment.oc1..aaaaaaaawgpykgu7qgxq3c336hxl7nbtrbgjjbcbrcwp5vhluwglh5mlio2q",
                            "display_name": "DSE_OPSC_AD_1-0",
                            "id": "ocid1.instance.oc1.phx.abyhqljrsivneo6o57l3272em5icujasjltgzrdvrcnfedhjccdcvjdm6g2q",
                            "image": "ocid1.image.oc1.phx.aaaaaaaaevkccuto7ja4yhahz6rguhqbuomimqsig6sgxd55hjomzepyeqda",
                            "metadata.%": "2",
                            "metadata.ssh_authorized_keys": "ssh-rsa AAAAB3NzaC1yc2EAAAADAQABAAABAQDAmdcyvIQnD497+A8X66VKdIqc7fhzm4dDUyazfg3qW5HudcPFmXi6kpyzkkzqgzk7l60cjVnCPcb+kV9LHs3i5hjQS63//NbRcz/YbPP6ICczWlebuHC1Ei0LcJTVDHt/alFBzlCIywFiTNogezcsXGLOgHmzIYE/PCPnpAiBALsC+0xJSafOiyQXtJBFcNl8VWflnZVtyGs+PVErc7/18BWpQ8bHCwycYFeqy/b1QfRSJ3HOR2tCGP66HTGJM89V/uLDEC1i95YZompHm4NaCI+f99CoszGbqmVEtdqEuF0C9MjLctUAkTC/LlBcgrOEcUFyQkkowZBBhMNOUQmz gilbertlau@MacBook-2.local",
                            "metadata.user_data": "IyEvdXNyL2Jpbi9lbnYgYmFzaAoKY2QgL2hvbWUvb3BjCgpjdXJsIGh0dHBzOi8vcmF3LmdpdGh1YnVzZXJjb250ZW50LmNvbS9EU1BOL29yYWNsZS1iYXJlLW1ldGFsLWNsb3VkLWRzZS9tYXN0ZXIvZXh0ZW5zaW9ucy9ub2RlLnNoID4gbm9kZS5zaAoKY2htb2QgK3ggbm9kZS5zaAoKCi4vbm9kZS5zaCB1cy1waG9lbml4LTEgMTAuMC4wLjI=",
                            "region": "phx",
                            "shape": "VM.Standard1.4",
                            "state": "RUNNING",
                            "subnet_id": "ocid1.subnet.oc1.phx.aaaaaaaaqcdlbtwbpnylhejv5savqgpergbhgr3z5xmyyyyad252agbniqnq",
                            "time_created": "2017-04-10 01:20:57.138 +0000 UTC"
                        },
                        "meta": {},
                        "tainted": false
                    },
                    "deposed": [],
                    "provider": ""
                },
                "baremetal_core_instance.DSE_Node_1.1": {
                    "type": "baremetal_core_instance",
                    "depends_on": [
                        "baremetal_core_subnet.DataStax_PublicSubnet_AD",
                        "data.baremetal_core_images.OLImageOCID",
                        "data.baremetal_core_vnic.DSE_OPSC_Vnic",
                        "data.baremetal_identity_availability_domains.ADs"
                    ],
                    "primary": {
                        "id": "ocid1.instance.oc1.phx.abyhqljr24xlm5nghsfnnc62fp7y3eo4ahasaecypi4eibrgtng2242wyljq",
                        "attributes": {
                            "availability_domain": "FcAL:PHX-AD-2",
                            "compartment_id": "ocid1.compartment.oc1..aaaaaaaawgpykgu7qgxq3c336hxl7nbtrbgjjbcbrcwp5vhluwglh5mlio2q",
                            "display_name": "DSE_OPSC_AD_1-1",
                            "id": "ocid1.instance.oc1.phx.abyhqljr24xlm5nghsfnnc62fp7y3eo4ahasaecypi4eibrgtng2242wyljq",
                            "image": "ocid1.image.oc1.phx.aaaaaaaaevkccuto7ja4yhahz6rguhqbuomimqsig6sgxd55hjomzepyeqda",
                            "metadata.%": "2",
                            "metadata.ssh_authorized_keys": "ssh-rsa AAAAB3NzaC1yc2EAAAADAQABAAABAQDAmdcyvIQnD497+A8X66VKdIqc7fhzm4dDUyazfg3qW5HudcPFmXi6kpyzkkzqgzk7l60cjVnCPcb+kV9LHs3i5hjQS63//NbRcz/YbPP6ICczWlebuHC1Ei0LcJTVDHt/alFBzlCIywFiTNogezcsXGLOgHmzIYE/PCPnpAiBALsC+0xJSafOiyQXtJBFcNl8VWflnZVtyGs+PVErc7/18BWpQ8bHCwycYFeqy/b1QfRSJ3HOR2tCGP66HTGJM89V/uLDEC1i95YZompHm4NaCI+f99CoszGbqmVEtdqEuF0C9MjLctUAkTC/LlBcgrOEcUFyQkkowZBBhMNOUQmz gilbertlau@MacBook-2.local",
                            "metadata.user_data": "IyEvdXNyL2Jpbi9lbnYgYmFzaAoKY2QgL2hvbWUvb3BjCgpjdXJsIGh0dHBzOi8vcmF3LmdpdGh1YnVzZXJjb250ZW50LmNvbS9EU1BOL29yYWNsZS1iYXJlLW1ldGFsLWNsb3VkLWRzZS9tYXN0ZXIvZXh0ZW5zaW9ucy9ub2RlLnNoID4gbm9kZS5zaAoKY2htb2QgK3ggbm9kZS5zaAoKCi4vbm9kZS5zaCB1cy1waG9lbml4LTEgMTAuMC4wLjI=",
                            "region": "phx",
                            "shape": "VM.Standard1.4",
                            "state": "RUNNING",
                            "subnet_id": "ocid1.subnet.oc1.phx.aaaaaaaaqcdlbtwbpnylhejv5savqgpergbhgr3z5xmyyyyad252agbniqnq",
                            "time_created": "2017-04-10 01:20:58.604 +0000 UTC"
                        },
                        "meta": {},
                        "tainted": false
                    },
                    "deposed": [],
                    "provider": ""
                },
                "baremetal_core_instance.DSE_Node_1.2": {
                    "type": "baremetal_core_instance",
                    "depends_on": [
                        "baremetal_core_subnet.DataStax_PublicSubnet_AD",
                        "data.baremetal_core_images.OLImageOCID",
                        "data.baremetal_core_vnic.DSE_OPSC_Vnic",
                        "data.baremetal_identity_availability_domains.ADs"
                    ],
                    "primary": {
                        "id": "ocid1.instance.oc1.phx.abyhqljrnd6pfy7n6fig2wrfcbnrzixt2rnppwx3qhnjuwivjz2253lcpvmq",
                        "attributes": {
                            "availability_domain": "FcAL:PHX-AD-2",
                            "compartment_id": "ocid1.compartment.oc1..aaaaaaaawgpykgu7qgxq3c336hxl7nbtrbgjjbcbrcwp5vhluwglh5mlio2q",
                            "display_name": "DSE_OPSC_AD_1-2",
                            "id": "ocid1.instance.oc1.phx.abyhqljrnd6pfy7n6fig2wrfcbnrzixt2rnppwx3qhnjuwivjz2253lcpvmq",
                            "image": "ocid1.image.oc1.phx.aaaaaaaaevkccuto7ja4yhahz6rguhqbuomimqsig6sgxd55hjomzepyeqda",
                            "metadata.%": "2",
                            "metadata.ssh_authorized_keys": "ssh-rsa AAAAB3NzaC1yc2EAAAADAQABAAABAQDAmdcyvIQnD497+A8X66VKdIqc7fhzm4dDUyazfg3qW5HudcPFmXi6kpyzkkzqgzk7l60cjVnCPcb+kV9LHs3i5hjQS63//NbRcz/YbPP6ICczWlebuHC1Ei0LcJTVDHt/alFBzlCIywFiTNogezcsXGLOgHmzIYE/PCPnpAiBALsC+0xJSafOiyQXtJBFcNl8VWflnZVtyGs+PVErc7/18BWpQ8bHCwycYFeqy/b1QfRSJ3HOR2tCGP66HTGJM89V/uLDEC1i95YZompHm4NaCI+f99CoszGbqmVEtdqEuF0C9MjLctUAkTC/LlBcgrOEcUFyQkkowZBBhMNOUQmz gilbertlau@MacBook-2.local",
                            "metadata.user_data": "IyEvdXNyL2Jpbi9lbnYgYmFzaAoKY2QgL2hvbWUvb3BjCgpjdXJsIGh0dHBzOi8vcmF3LmdpdGh1YnVzZXJjb250ZW50LmNvbS9EU1BOL29yYWNsZS1iYXJlLW1ldGFsLWNsb3VkLWRzZS9tYXN0ZXIvZXh0ZW5zaW9ucy9ub2RlLnNoID4gbm9kZS5zaAoKY2htb2QgK3ggbm9kZS5zaAoKCi4vbm9kZS5zaCB1cy1waG9lbml4LTEgMTAuMC4wLjI=",
                            "region": "phx",
                            "shape": "VM.Standard1.4",
                            "state": "RUNNING",
                            "subnet_id": "ocid1.subnet.oc1.phx.aaaaaaaaqcdlbtwbpnylhejv5savqgpergbhgr3z5xmyyyyad252agbniqnq",
                            "time_created": "2017-04-10 01:20:58.02 +0000 UTC"
                        },
                        "meta": {},
                        "tainted": false
                    },
                    "deposed": [],
                    "provider": ""
                },
                "baremetal_core_instance.DSE_Node_2.0": {
                    "type": "baremetal_core_instance",
                    "depends_on": [
                        "baremetal_core_subnet.DataStax_PublicSubnet_AD",
                        "data.baremetal_core_images.OLImageOCID",
                        "data.baremetal_core_vnic.DSE_OPSC_Vnic",
                        "data.baremetal_identity_availability_domains.ADs"
                    ],
                    "primary": {
                        "id": "ocid1.instance.oc1.phx.abyhqljti3muw66mq7zlg3otkfakcvgqbvvtyah3kuhiyyphtzryotu4wdda",
                        "attributes": {
                            "availability_domain": "FcAL:PHX-AD-3",
                            "compartment_id": "ocid1.compartment.oc1..aaaaaaaawgpykgu7qgxq3c336hxl7nbtrbgjjbcbrcwp5vhluwglh5mlio2q",
                            "display_name": "DSE_OPSC_AD_2-0",
                            "id": "ocid1.instance.oc1.phx.abyhqljti3muw66mq7zlg3otkfakcvgqbvvtyah3kuhiyyphtzryotu4wdda",
                            "image": "ocid1.image.oc1.phx.aaaaaaaaevkccuto7ja4yhahz6rguhqbuomimqsig6sgxd55hjomzepyeqda",
                            "metadata.%": "2",
                            "metadata.ssh_authorized_keys": "ssh-rsa AAAAB3NzaC1yc2EAAAADAQABAAABAQDAmdcyvIQnD497+A8X66VKdIqc7fhzm4dDUyazfg3qW5HudcPFmXi6kpyzkkzqgzk7l60cjVnCPcb+kV9LHs3i5hjQS63//NbRcz/YbPP6ICczWlebuHC1Ei0LcJTVDHt/alFBzlCIywFiTNogezcsXGLOgHmzIYE/PCPnpAiBALsC+0xJSafOiyQXtJBFcNl8VWflnZVtyGs+PVErc7/18BWpQ8bHCwycYFeqy/b1QfRSJ3HOR2tCGP66HTGJM89V/uLDEC1i95YZompHm4NaCI+f99CoszGbqmVEtdqEuF0C9MjLctUAkTC/LlBcgrOEcUFyQkkowZBBhMNOUQmz gilbertlau@MacBook-2.local",
                            "metadata.user_data": "IyEvdXNyL2Jpbi9lbnYgYmFzaAoKY2QgL2hvbWUvb3BjCgpjdXJsIGh0dHBzOi8vcmF3LmdpdGh1YnVzZXJjb250ZW50LmNvbS9EU1BOL29yYWNsZS1iYXJlLW1ldGFsLWNsb3VkLWRzZS9tYXN0ZXIvZXh0ZW5zaW9ucy9ub2RlLnNoID4gbm9kZS5zaAoKY2htb2QgK3ggbm9kZS5zaAoKCi4vbm9kZS5zaCB1cy1waG9lbml4LTEgMTAuMC4wLjI=",
                            "region": "phx",
                            "shape": "VM.Standard1.4",
                            "state": "RUNNING",
                            "subnet_id": "ocid1.subnet.oc1.phx.aaaaaaaa23r3zalkeu4oeu5qnuqd3cozjooing6thdaxdpyge4flbo7frdrq",
                            "time_created": "2017-04-10 01:20:58.747 +0000 UTC"
                        },
                        "meta": {},
                        "tainted": false
                    },
                    "deposed": [],
                    "provider": ""
                },
                "baremetal_core_instance.DSE_Node_2.1": {
                    "type": "baremetal_core_instance",
                    "depends_on": [
                        "baremetal_core_subnet.DataStax_PublicSubnet_AD",
                        "data.baremetal_core_images.OLImageOCID",
                        "data.baremetal_core_vnic.DSE_OPSC_Vnic",
                        "data.baremetal_identity_availability_domains.ADs"
                    ],
                    "primary": {
                        "id": "ocid1.instance.oc1.phx.abyhqljtkbapu5fmag5izekrpmcvwq76gctpg7zasluse5zmzxmytbtvigea",
                        "attributes": {
                            "availability_domain": "FcAL:PHX-AD-3",
                            "compartment_id": "ocid1.compartment.oc1..aaaaaaaawgpykgu7qgxq3c336hxl7nbtrbgjjbcbrcwp5vhluwglh5mlio2q",
                            "display_name": "DSE_OPSC_AD_2-1",
                            "id": "ocid1.instance.oc1.phx.abyhqljtkbapu5fmag5izekrpmcvwq76gctpg7zasluse5zmzxmytbtvigea",
                            "image": "ocid1.image.oc1.phx.aaaaaaaaevkccuto7ja4yhahz6rguhqbuomimqsig6sgxd55hjomzepyeqda",
                            "metadata.%": "2",
                            "metadata.ssh_authorized_keys": "ssh-rsa AAAAB3NzaC1yc2EAAAADAQABAAABAQDAmdcyvIQnD497+A8X66VKdIqc7fhzm4dDUyazfg3qW5HudcPFmXi6kpyzkkzqgzk7l60cjVnCPcb+kV9LHs3i5hjQS63//NbRcz/YbPP6ICczWlebuHC1Ei0LcJTVDHt/alFBzlCIywFiTNogezcsXGLOgHmzIYE/PCPnpAiBALsC+0xJSafOiyQXtJBFcNl8VWflnZVtyGs+PVErc7/18BWpQ8bHCwycYFeqy/b1QfRSJ3HOR2tCGP66HTGJM89V/uLDEC1i95YZompHm4NaCI+f99CoszGbqmVEtdqEuF0C9MjLctUAkTC/LlBcgrOEcUFyQkkowZBBhMNOUQmz gilbertlau@MacBook-2.local",
                            "metadata.user_data": "IyEvdXNyL2Jpbi9lbnYgYmFzaAoKY2QgL2hvbWUvb3BjCgpjdXJsIGh0dHBzOi8vcmF3LmdpdGh1YnVzZXJjb250ZW50LmNvbS9EU1BOL29yYWNsZS1iYXJlLW1ldGFsLWNsb3VkLWRzZS9tYXN0ZXIvZXh0ZW5zaW9ucy9ub2RlLnNoID4gbm9kZS5zaAoKY2htb2QgK3ggbm9kZS5zaAoKCi4vbm9kZS5zaCB1cy1waG9lbml4LTEgMTAuMC4wLjI=",
                            "region": "phx",
                            "shape": "VM.Standard1.4",
                            "state": "RUNNING",
                            "subnet_id": "ocid1.subnet.oc1.phx.aaaaaaaa23r3zalkeu4oeu5qnuqd3cozjooing6thdaxdpyge4flbo7frdrq",
                            "time_created": "2017-04-10 01:20:58.395 +0000 UTC"
                        },
                        "meta": {},
                        "tainted": false
                    },
                    "deposed": [],
                    "provider": ""
                },
                "baremetal_core_instance.DSE_Node_2.2": {
                    "type": "baremetal_core_instance",
                    "depends_on": [
                        "baremetal_core_subnet.DataStax_PublicSubnet_AD",
                        "data.baremetal_core_images.OLImageOCID",
                        "data.baremetal_core_vnic.DSE_OPSC_Vnic",
                        "data.baremetal_identity_availability_domains.ADs"
                    ],
                    "primary": {
                        "id": "ocid1.instance.oc1.phx.abyhqljtdyci5y4fhnzl7tjj33pphlmjqx2hkkui7p6xkdnlwprefwkrcsdq",
                        "attributes": {
                            "availability_domain": "FcAL:PHX-AD-3",
                            "compartment_id": "ocid1.compartment.oc1..aaaaaaaawgpykgu7qgxq3c336hxl7nbtrbgjjbcbrcwp5vhluwglh5mlio2q",
                            "display_name": "DSE_OPSC_AD_2-2",
                            "id": "ocid1.instance.oc1.phx.abyhqljtdyci5y4fhnzl7tjj33pphlmjqx2hkkui7p6xkdnlwprefwkrcsdq",
                            "image": "ocid1.image.oc1.phx.aaaaaaaaevkccuto7ja4yhahz6rguhqbuomimqsig6sgxd55hjomzepyeqda",
                            "metadata.%": "2",
                            "metadata.ssh_authorized_keys": "ssh-rsa AAAAB3NzaC1yc2EAAAADAQABAAABAQDAmdcyvIQnD497+A8X66VKdIqc7fhzm4dDUyazfg3qW5HudcPFmXi6kpyzkkzqgzk7l60cjVnCPcb+kV9LHs3i5hjQS63//NbRcz/YbPP6ICczWlebuHC1Ei0LcJTVDHt/alFBzlCIywFiTNogezcsXGLOgHmzIYE/PCPnpAiBALsC+0xJSafOiyQXtJBFcNl8VWflnZVtyGs+PVErc7/18BWpQ8bHCwycYFeqy/b1QfRSJ3HOR2tCGP66HTGJM89V/uLDEC1i95YZompHm4NaCI+f99CoszGbqmVEtdqEuF0C9MjLctUAkTC/LlBcgrOEcUFyQkkowZBBhMNOUQmz gilbertlau@MacBook-2.local",
                            "metadata.user_data": "IyEvdXNyL2Jpbi9lbnYgYmFzaAoKY2QgL2hvbWUvb3BjCgpjdXJsIGh0dHBzOi8vcmF3LmdpdGh1YnVzZXJjb250ZW50LmNvbS9EU1BOL29yYWNsZS1iYXJlLW1ldGFsLWNsb3VkLWRzZS9tYXN0ZXIvZXh0ZW5zaW9ucy9ub2RlLnNoID4gbm9kZS5zaAoKY2htb2QgK3ggbm9kZS5zaAoKCi4vbm9kZS5zaCB1cy1waG9lbml4LTEgMTAuMC4wLjI=",
                            "region": "phx",
                            "shape": "VM.Standard1.4",
                            "state": "RUNNING",
                            "subnet_id": "ocid1.subnet.oc1.phx.aaaaaaaa23r3zalkeu4oeu5qnuqd3cozjooing6thdaxdpyge4flbo7frdrq",
                            "time_created": "2017-04-10 01:20:57.981 +0000 UTC"
                        },
                        "meta": {},
                        "tainted": false
                    },
                    "deposed": [],
                    "provider": ""
                },
                "baremetal_core_instance.DSE_OPSC": {
                    "type": "baremetal_core_instance",
                    "depends_on": [
                        "baremetal_core_subnet.DataStax_PublicSubnet_AD",
                        "data.baremetal_core_images.OLImageOCID",
                        "data.baremetal_identity_availability_domains.ADs"
                    ],
                    "primary": {
                        "id": "ocid1.instance.oc1.phx.abyhqljs6reufctdvd5sigqjv6v4dlovptw5bgeod4q4icczqp5mwswa6tzq",
                        "attributes": {
                            "availability_domain": "FcAL:PHX-AD-1",
                            "compartment_id": "ocid1.compartment.oc1..aaaaaaaawgpykgu7qgxq3c336hxl7nbtrbgjjbcbrcwp5vhluwglh5mlio2q",
                            "display_name": "DSE_OPSC_AD_0-0",
                            "id": "ocid1.instance.oc1.phx.abyhqljs6reufctdvd5sigqjv6v4dlovptw5bgeod4q4icczqp5mwswa6tzq",
                            "image": "ocid1.image.oc1.phx.aaaaaaaaevkccuto7ja4yhahz6rguhqbuomimqsig6sgxd55hjomzepyeqda",
                            "metadata.%": "2",
                            "metadata.ssh_authorized_keys": "ssh-rsa AAAAB3NzaC1yc2EAAAADAQABAAABAQDAmdcyvIQnD497+A8X66VKdIqc7fhzm4dDUyazfg3qW5HudcPFmXi6kpyzkkzqgzk7l60cjVnCPcb+kV9LHs3i5hjQS63//NbRcz/YbPP6ICczWlebuHC1Ei0LcJTVDHt/alFBzlCIywFiTNogezcsXGLOgHmzIYE/PCPnpAiBALsC+0xJSafOiyQXtJBFcNl8VWflnZVtyGs+PVErc7/18BWpQ8bHCwycYFeqy/b1QfRSJ3HOR2tCGP66HTGJM89V/uLDEC1i95YZompHm4NaCI+f99CoszGbqmVEtdqEuF0C9MjLctUAkTC/LlBcgrOEcUFyQkkowZBBhMNOUQmz gilbertlau@MacBook-2.local",
                            "metadata.user_data": "IyEvdXNyL2Jpbi9lbnYgYmFzaAoKY2QgL2hvbWUvb3BjCgpjdXJsIGh0dHBzOi8vcmF3LmdpdGh1YnVzZXJjb250ZW50LmNvbS9EU1BOL29yYWNsZS1iYXJlLW1ldGFsLWNsb3VkLWRzZS9tYXN0ZXIvZXh0ZW5zaW9ucy9ub2RlLnNoID4gbm9kZS5zaAoKY2htb2QgK3ggbm9kZS5zaAoKCi4vbm9kZS5zaCB1cy1waG9lbml4LTEKCmN1cmwgaHR0cHM6Ly9yYXcuZ2l0aHVidXNlcmNvbnRlbnQuY29tL0RTUE4vb3JhY2xlLWJhcmUtbWV0YWwtY2xvdWQtZHNlL21hc3Rlci9leHRlbnNpb25zL29wc2NlbnRlci5zaCA+IG9wc2NlbnRlci5zaAoKY2htb2QgK3ggb3BzY2VudGVyLnNoCgouL29wc2NlbnRlci5zaCBibWMKCg==",
                            "region": "phx",
                            "shape": "VM.Standard1.4",
                            "state": "RUNNING",
                            "subnet_id": "ocid1.subnet.oc1.phx.aaaaaaaacjylxqzjhboer2zftdfc5ua6y47j2swc4dwm5jd6ippwwgrylklq",
                            "time_created": "2017-04-10 01:20:11.119 +0000 UTC"
                        },
                        "meta": {},
                        "tainted": false
                    },
                    "deposed": [],
                    "provider": ""
                },
                "baremetal_core_internet_gateway.DataStax_IG": {
                    "type": "baremetal_core_internet_gateway",
                    "depends_on": [
                        "baremetal_core_virtual_network.DataStax_VCN"
                    ],
                    "primary": {
                        "id": "ocid1.internetgateway.oc1.phx.aaaaaaaalvconxnxnxzirnnorrfddygqhxn4nz4ii5yfzctl4tmlaaju4w2q",
                        "attributes": {
                            "compartment_id": "ocid1.compartment.oc1..aaaaaaaawgpykgu7qgxq3c336hxl7nbtrbgjjbcbrcwp5vhluwglh5mlio2q",
                            "display_name": "DataStax_IG",
                            "enabled": "true",
                            "id": "ocid1.internetgateway.oc1.phx.aaaaaaaalvconxnxnxzirnnorrfddygqhxn4nz4ii5yfzctl4tmlaaju4w2q",
                            "state": "AVAILABLE",
                            "time_created": "2017-04-10 01:20:08.056 +0000 UTC",
                            "time_modified": "0001-01-01 00:00:00 +0000 UTC",
                            "vcn_id": "ocid1.vcn.oc1.phx.aaaaaaaajzzx4zgn5ik4yl3ykpqsonvwujjvk7f7xv5zf77kd7tfolystkvq"
                        },
                        "meta": {},
                        "tainted": false
                    },
                    "deposed": [],
                    "provider": ""
                },
                "baremetal_core_route_table.DataStax_RT": {
                    "type": "baremetal_core_route_table",
                    "depends_on": [
                        "baremetal_core_internet_gateway.DataStax_IG",
                        "baremetal_core_virtual_network.DataStax_VCN"
                    ],
                    "primary": {
                        "id": "ocid1.routetable.oc1.phx.aaaaaaaausez4eeaofivhra4o6t2i5ewmwopu7hjh4ganb6e6egd3jnxeawa",
                        "attributes": {
                            "compartment_id": "ocid1.compartment.oc1..aaaaaaaawgpykgu7qgxq3c336hxl7nbtrbgjjbcbrcwp5vhluwglh5mlio2q",
                            "display_name": "DataStax_RT",
                            "id": "ocid1.routetable.oc1.phx.aaaaaaaausez4eeaofivhra4o6t2i5ewmwopu7hjh4ganb6e6egd3jnxeawa",
                            "route_rules.#": "1",
                            "route_rules.0.cidr_block": "0.0.0.0/0",
                            "route_rules.0.network_entity_id": "ocid1.internetgateway.oc1.phx.aaaaaaaalvconxnxnxzirnnorrfddygqhxn4nz4ii5yfzctl4tmlaaju4w2q",
                            "state": "AVAILABLE",
                            "time_created": "2017-04-10 01:20:08.847 +0000 UTC",
                            "time_modified": "0001-01-01 00:00:00 +0000 UTC",
                            "vcn_id": "ocid1.vcn.oc1.phx.aaaaaaaajzzx4zgn5ik4yl3ykpqsonvwujjvk7f7xv5zf77kd7tfolystkvq"
                        },
                        "meta": {},
                        "tainted": false
                    },
                    "deposed": [],
                    "provider": ""
                },
                "baremetal_core_security_list.DataStax_PublicSubnet": {
                    "type": "baremetal_core_security_list",
                    "depends_on": [
                        "baremetal_core_virtual_network.DataStax_VCN"
                    ],
                    "primary": {
                        "id": "ocid1.securitylist.oc1.phx.aaaaaaaa5xt4oizfuzuwbsr2nl4oiav7hn6v5u4vrxnytz7eo5jkn6gvbtca",
                        "attributes": {
                            "compartment_id": "ocid1.compartment.oc1..aaaaaaaawgpykgu7qgxq3c336hxl7nbtrbgjjbcbrcwp5vhluwglh5mlio2q",
                            "display_name": "DataStax_PublicSubnet",
                            "egress_security_rules.#": "1",
                            "egress_security_rules.0.destination": "0.0.0.0/0",
                            "egress_security_rules.0.icmp_options.#": "0",
                            "egress_security_rules.0.protocol": "6",
                            "egress_security_rules.0.stateless": "false",
                            "egress_security_rules.0.tcp_options.#": "0",
                            "egress_security_rules.0.udp_options.#": "0",
                            "id": "ocid1.securitylist.oc1.phx.aaaaaaaa5xt4oizfuzuwbsr2nl4oiav7hn6v5u4vrxnytz7eo5jkn6gvbtca",
                            "ingress_security_rules.#": "9",
                            "ingress_security_rules.0.icmp_options.#": "0",
                            "ingress_security_rules.0.protocol": "6",
                            "ingress_security_rules.0.source": "0.0.0.0/0",
                            "ingress_security_rules.0.tcp_options.#": "1",
                            "ingress_security_rules.0.tcp_options.0.max": "22",
                            "ingress_security_rules.0.tcp_options.0.min": "22",
                            "ingress_security_rules.0.udp_options.#": "0",
                            "ingress_security_rules.1.icmp_options.#": "0",
                            "ingress_security_rules.1.protocol": "6",
                            "ingress_security_rules.1.source": "0.0.0.0/0",
                            "ingress_security_rules.1.tcp_options.#": "1",
                            "ingress_security_rules.1.tcp_options.0.max": "443",
                            "ingress_security_rules.1.tcp_options.0.min": "443",
                            "ingress_security_rules.1.udp_options.#": "0",
                            "ingress_security_rules.2.icmp_options.#": "0",
                            "ingress_security_rules.2.protocol": "6",
                            "ingress_security_rules.2.source": "0.0.0.0/0",
                            "ingress_security_rules.2.tcp_options.#": "1",
                            "ingress_security_rules.2.tcp_options.0.max": "7001",
                            "ingress_security_rules.2.tcp_options.0.min": "7000",
                            "ingress_security_rules.2.udp_options.#": "0",
                            "ingress_security_rules.3.icmp_options.#": "0",
                            "ingress_security_rules.3.protocol": "6",
                            "ingress_security_rules.3.source": "0.0.0.0/0",
                            "ingress_security_rules.3.tcp_options.#": "1",
                            "ingress_security_rules.3.tcp_options.0.max": "7199",
                            "ingress_security_rules.3.tcp_options.0.min": "7199",
                            "ingress_security_rules.3.udp_options.#": "0",
                            "ingress_security_rules.4.icmp_options.#": "0",
                            "ingress_security_rules.4.protocol": "6",
                            "ingress_security_rules.4.source": "0.0.0.0/0",
                            "ingress_security_rules.4.tcp_options.#": "1",
                            "ingress_security_rules.4.tcp_options.0.max": "8443",
                            "ingress_security_rules.4.tcp_options.0.min": "8443",
                            "ingress_security_rules.4.udp_options.#": "0",
                            "ingress_security_rules.5.icmp_options.#": "0",
                            "ingress_security_rules.5.protocol": "6",
                            "ingress_security_rules.5.source": "0.0.0.0/0",
                            "ingress_security_rules.5.tcp_options.#": "1",
                            "ingress_security_rules.5.tcp_options.0.max": "8888",
                            "ingress_security_rules.5.tcp_options.0.min": "8888",
                            "ingress_security_rules.5.udp_options.#": "0",
                            "ingress_security_rules.6.icmp_options.#": "0",
                            "ingress_security_rules.6.protocol": "6",
                            "ingress_security_rules.6.source": "0.0.0.0/0",
                            "ingress_security_rules.6.tcp_options.#": "1",
                            "ingress_security_rules.6.tcp_options.0.max": "9042",
                            "ingress_security_rules.6.tcp_options.0.min": "9042",
                            "ingress_security_rules.6.udp_options.#": "0",
                            "ingress_security_rules.7.icmp_options.#": "0",
                            "ingress_security_rules.7.protocol": "6",
                            "ingress_security_rules.7.source": "0.0.0.0/0",
                            "ingress_security_rules.7.tcp_options.#": "1",
                            "ingress_security_rules.7.tcp_options.0.max": "9160",
                            "ingress_security_rules.7.tcp_options.0.min": "9160",
                            "ingress_security_rules.7.udp_options.#": "0",
                            "ingress_security_rules.8.icmp_options.#": "0",
                            "ingress_security_rules.8.protocol": "6",
                            "ingress_security_rules.8.source": "0.0.0.0/0",
                            "ingress_security_rules.8.tcp_options.#": "1",
                            "ingress_security_rules.8.tcp_options.0.max": "61621",
                            "ingress_security_rules.8.tcp_options.0.min": "61620",
                            "ingress_security_rules.8.udp_options.#": "0",
                            "state": "AVAILABLE",
                            "time_created": "2017-04-10 01:20:08.561 +0000 UTC",
                            "vcn_id": "ocid1.vcn.oc1.phx.aaaaaaaajzzx4zgn5ik4yl3ykpqsonvwujjvk7f7xv5zf77kd7tfolystkvq"
                        },
                        "meta": {},
                        "tainted": false
                    },
                    "deposed": [],
                    "provider": ""
                },
                "baremetal_core_subnet.DataStax_PublicSubnet_AD.0": {
                    "type": "baremetal_core_subnet",
                    "depends_on": [
                        "baremetal_core_route_table.DataStax_RT",
                        "baremetal_core_security_list.DataStax_PublicSubnet",
                        "baremetal_core_virtual_network.DataStax_VCN",
                        "data.baremetal_identity_availability_domains.ADs"
                    ],
                    "primary": {
                        "id": "ocid1.subnet.oc1.phx.aaaaaaaacjylxqzjhboer2zftdfc5ua6y47j2swc4dwm5jd6ippwwgrylklq",
                        "attributes": {
                            "availability_domain": "FcAL:PHX-AD-1",
                            "cidr_block": "10.0.0.0/24",
                            "compartment_id": "ocid1.compartment.oc1..aaaaaaaawgpykgu7qgxq3c336hxl7nbtrbgjjbcbrcwp5vhluwglh5mlio2q",
                            "display_name": "PublicSubnetAD-0",
                            "id": "ocid1.subnet.oc1.phx.aaaaaaaacjylxqzjhboer2zftdfc5ua6y47j2swc4dwm5jd6ippwwgrylklq",
                            "route_table_id": "ocid1.routetable.oc1.phx.aaaaaaaausez4eeaofivhra4o6t2i5ewmwopu7hjh4ganb6e6egd3jnxeawa",
                            "security_list_ids.#": "1",
                            "security_list_ids.0": "ocid1.securitylist.oc1.phx.aaaaaaaa5xt4oizfuzuwbsr2nl4oiav7hn6v5u4vrxnytz7eo5jkn6gvbtca",
                            "state": "AVAILABLE",
                            "time_created": "2017-04-10 01:20:10.129 +0000 UTC",
                            "vcn_id": "ocid1.vcn.oc1.phx.aaaaaaaajzzx4zgn5ik4yl3ykpqsonvwujjvk7f7xv5zf77kd7tfolystkvq",
                            "virtual_router_id": "",
                            "virtual_router_mac": "00:00:17:E5:69:3D"
                        },
                        "meta": {},
                        "tainted": false
                    },
                    "deposed": [],
                    "provider": ""
                },
                "baremetal_core_subnet.DataStax_PublicSubnet_AD.1": {
                    "type": "baremetal_core_subnet",
                    "depends_on": [
                        "baremetal_core_route_table.DataStax_RT",
                        "baremetal_core_security_list.DataStax_PublicSubnet",
                        "baremetal_core_virtual_network.DataStax_VCN",
                        "data.baremetal_identity_availability_domains.ADs"
                    ],
                    "primary": {
                        "id": "ocid1.subnet.oc1.phx.aaaaaaaaqcdlbtwbpnylhejv5savqgpergbhgr3z5xmyyyyad252agbniqnq",
                        "attributes": {
                            "availability_domain": "FcAL:PHX-AD-2",
                            "cidr_block": "10.0.1.0/24",
                            "compartment_id": "ocid1.compartment.oc1..aaaaaaaawgpykgu7qgxq3c336hxl7nbtrbgjjbcbrcwp5vhluwglh5mlio2q",
                            "display_name": "PublicSubnetAD-1",
                            "id": "ocid1.subnet.oc1.phx.aaaaaaaaqcdlbtwbpnylhejv5savqgpergbhgr3z5xmyyyyad252agbniqnq",
                            "route_table_id": "ocid1.routetable.oc1.phx.aaaaaaaausez4eeaofivhra4o6t2i5ewmwopu7hjh4ganb6e6egd3jnxeawa",
                            "security_list_ids.#": "1",
                            "security_list_ids.0": "ocid1.securitylist.oc1.phx.aaaaaaaa5xt4oizfuzuwbsr2nl4oiav7hn6v5u4vrxnytz7eo5jkn6gvbtca",
                            "state": "AVAILABLE",
                            "time_created": "2017-04-10 01:20:09.57 +0000 UTC",
                            "vcn_id": "ocid1.vcn.oc1.phx.aaaaaaaajzzx4zgn5ik4yl3ykpqsonvwujjvk7f7xv5zf77kd7tfolystkvq",
                            "virtual_router_id": "",
                            "virtual_router_mac": "00:00:17:E5:69:3D"
                        },
                        "meta": {},
                        "tainted": false
                    },
                    "deposed": [],
                    "provider": ""
                },
                "baremetal_core_subnet.DataStax_PublicSubnet_AD.2": {
                    "type": "baremetal_core_subnet",
                    "depends_on": [
                        "baremetal_core_route_table.DataStax_RT",
                        "baremetal_core_security_list.DataStax_PublicSubnet",
                        "baremetal_core_virtual_network.DataStax_VCN",
                        "data.baremetal_identity_availability_domains.ADs"
                    ],
                    "primary": {
                        "id": "ocid1.subnet.oc1.phx.aaaaaaaa23r3zalkeu4oeu5qnuqd3cozjooing6thdaxdpyge4flbo7frdrq",
                        "attributes": {
                            "availability_domain": "FcAL:PHX-AD-3",
                            "cidr_block": "10.0.2.0/24",
                            "compartment_id": "ocid1.compartment.oc1..aaaaaaaawgpykgu7qgxq3c336hxl7nbtrbgjjbcbrcwp5vhluwglh5mlio2q",
                            "display_name": "PublicSubnetAD-2",
                            "id": "ocid1.subnet.oc1.phx.aaaaaaaa23r3zalkeu4oeu5qnuqd3cozjooing6thdaxdpyge4flbo7frdrq",
                            "route_table_id": "ocid1.routetable.oc1.phx.aaaaaaaausez4eeaofivhra4o6t2i5ewmwopu7hjh4ganb6e6egd3jnxeawa",
                            "security_list_ids.#": "1",
                            "security_list_ids.0": "ocid1.securitylist.oc1.phx.aaaaaaaa5xt4oizfuzuwbsr2nl4oiav7hn6v5u4vrxnytz7eo5jkn6gvbtca",
                            "state": "AVAILABLE",
                            "time_created": "2017-04-10 01:20:09.67 +0000 UTC",
                            "vcn_id": "ocid1.vcn.oc1.phx.aaaaaaaajzzx4zgn5ik4yl3ykpqsonvwujjvk7f7xv5zf77kd7tfolystkvq",
                            "virtual_router_id": "",
                            "virtual_router_mac": "00:00:17:E5:69:3D"
                        },
                        "meta": {},
                        "tainted": false
                    },
                    "deposed": [],
                    "provider": ""
                },
                "baremetal_core_virtual_network.DataStax_VCN": {
                    "type": "baremetal_core_virtual_network",
                    "depends_on": [],
                    "primary": {
                        "id": "ocid1.vcn.oc1.phx.aaaaaaaajzzx4zgn5ik4yl3ykpqsonvwujjvk7f7xv5zf77kd7tfolystkvq",
                        "attributes": {
                            "cidr_block": "10.0.0.0/16",
                            "compartment_id": "ocid1.compartment.oc1..aaaaaaaawgpykgu7qgxq3c336hxl7nbtrbgjjbcbrcwp5vhluwglh5mlio2q",
                            "default_route_table_id": "ocid1.routetable.oc1.phx.aaaaaaaarsui6m5ypdldceazodfpzpxinkavikpubuya57bajvbi2im6k6oa",
                            "default_security_list_id": "ocid1.securitylist.oc1.phx.aaaaaaaamy52figvli7ea7ujihntkond3xhpnmx7ydwnmytqshuttlavxskq",
                            "display_name": "DataStax_VCN",
                            "id": "ocid1.vcn.oc1.phx.aaaaaaaajzzx4zgn5ik4yl3ykpqsonvwujjvk7f7xv5zf77kd7tfolystkvq",
                            "state": "AVAILABLE",
                            "time_created": "2017-04-10 01:20:07.272 +0000 UTC"
                        },
                        "meta": {},
                        "tainted": false
                    },
                    "deposed": [],
                    "provider": ""
                },
                "data.baremetal_core_images.OLImageOCID": {
                    "type": "baremetal_core_images",
                    "depends_on": [],
                    "primary": {
                        "id": "2017-04-10 01:20:10.292493805 +0000 UTC",
                        "attributes": {
                            "compartment_id": "ocid1.compartment.oc1..aaaaaaaawgpykgu7qgxq3c336hxl7nbtrbgjjbcbrcwp5vhluwglh5mlio2q",
                            "id": "2017-04-10 01:20:10.292493805 +0000 UTC",
                            "images.#": "1",
                            "images.0.base_image_id": "",
                            "images.0.compartment_id": "",
                            "images.0.create_image_allowed": "true",
                            "images.0.display_name": "Oracle-Linux-7.3-2017.03.03-0",
                            "images.0.id": "ocid1.image.oc1.phx.aaaaaaaaevkccuto7ja4yhahz6rguhqbuomimqsig6sgxd55hjomzepyeqda",
                            "images.0.instance_id": "",
                            "images.0.operating_system": "Oracle Linux",
                            "images.0.operating_system_version": "7.3",
                            "images.0.state": "AVAILABLE",
                            "images.0.time_created": "2017-03-03 19:04:30.824 +0000 UTC",
                            "operating_system": "Oracle Linux",
                            "operating_system_version": "7.3"
                        },
                        "meta": {},
                        "tainted": false
                    },
                    "deposed": [],
                    "provider": ""
                },
                "data.baremetal_core_vnic.DSE_OPSC_Vnic": {
                    "type": "baremetal_core_vnic",
                    "depends_on": [
                        "data.baremetal_core_vnic_attachments.DSE_OPSC_Vnics"
                    ],
                    "primary": {
                        "id": "ocid1.vnic.oc1.phx.abyhqljsamlquqexdtgrb2goll3yeyx2qn35uzg47q7qonftm54rjnze2b4a",
                        "attributes": {
                            "availability_domain": "FcAL:PHX-AD-1",
                            "compartment_id": "ocid1.compartment.oc1..aaaaaaaawgpykgu7qgxq3c336hxl7nbtrbgjjbcbrcwp5vhluwglh5mlio2q",
                            "display_name": "DSE_OPSC_AD_0-0",
                            "id": "ocid1.vnic.oc1.phx.abyhqljsamlquqexdtgrb2goll3yeyx2qn35uzg47q7qonftm54rjnze2b4a",
                            "private_ip_address": "10.0.0.2",
                            "public_ip_address": "129.146.25.229",
                            "state": "AVAILABLE",
                            "subnet_id": "ocid1.subnet.oc1.phx.aaaaaaaacjylxqzjhboer2zftdfc5ua6y47j2swc4dwm5jd6ippwwgrylklq",
                            "vnic_id": "ocid1.vnic.oc1.phx.abyhqljsamlquqexdtgrb2goll3yeyx2qn35uzg47q7qonftm54rjnze2b4a"
                        },
                        "meta": {},
                        "tainted": false
                    },
                    "deposed": [],
                    "provider": ""
                },
                "data.baremetal_core_vnic_attachments.DSE_OPSC_Vnics": {
                    "type": "baremetal_core_vnic_attachments",
                    "depends_on": [
                        "baremetal_core_instance.DSE_OPSC",
                        "data.baremetal_identity_availability_domains.ADs"
                    ],
                    "primary": {
                        "id": "2017-04-10 01:21:00.335918026 +0000 UTC",
                        "attributes": {
                            "availability_domain": "FcAL:PHX-AD-1",
                            "compartment_id": "ocid1.compartment.oc1..aaaaaaaawgpykgu7qgxq3c336hxl7nbtrbgjjbcbrcwp5vhluwglh5mlio2q",
                            "id": "2017-04-10 01:21:00.335918026 +0000 UTC",
                            "instance_id": "ocid1.instance.oc1.phx.abyhqljs6reufctdvd5sigqjv6v4dlovptw5bgeod4q4icczqp5mwswa6tzq",
                            "vnic_attachments.#": "1",
                            "vnic_attachments.0.availability_domain": "FcAL:PHX-AD-1",
                            "vnic_attachments.0.compartment_id": "ocid1.compartment.oc1..aaaaaaaawgpykgu7qgxq3c336hxl7nbtrbgjjbcbrcwp5vhluwglh5mlio2q",
                            "vnic_attachments.0.display_name": "",
                            "vnic_attachments.0.id": "ocid1.vnicattachment.oc1.phx.abyhqljsr7zgi5pnkffmfjff3qbozqm4xn2aqba4ur2lsssjf5zdfnwctfbq",
                            "vnic_attachments.0.instance_id": "ocid1.instance.oc1.phx.abyhqljs6reufctdvd5sigqjv6v4dlovptw5bgeod4q4icczqp5mwswa6tzq",
                            "vnic_attachments.0.state": "ATTACHED",
                            "vnic_attachments.0.subnet_id": "ocid1.subnet.oc1.phx.aaaaaaaacjylxqzjhboer2zftdfc5ua6y47j2swc4dwm5jd6ippwwgrylklq",
                            "vnic_attachments.0.time_created": "Mon, 10 Apr 2017 01:20:19 UTC",
                            "vnic_attachments.0.vnic_id": "ocid1.vnic.oc1.phx.abyhqljsamlquqexdtgrb2goll3yeyx2qn35uzg47q7qonftm54rjnze2b4a"
                        },
                        "meta": {},
                        "tainted": false
                    },
                    "deposed": [],
                    "provider": ""
                },
                "data.baremetal_identity_availability_domains.ADs": {
                    "type": "baremetal_identity_availability_domains",
                    "depends_on": [],
                    "primary": {
                        "id": "2017-04-10 01:20:10.250609409 +0000 UTC",
                        "attributes": {
                            "availability_domains.#": "3",
                            "availability_domains.0.compartment_id": "ocid1.tenancy.oc1..aaaaaaaaiecpb6fwi33blxe7x7s4btruzrzj77j2javhie3xevuifa2e7fnq",
                            "availability_domains.0.name": "FcAL:PHX-AD-1",
                            "availability_domains.1.compartment_id": "ocid1.tenancy.oc1..aaaaaaaaiecpb6fwi33blxe7x7s4btruzrzj77j2javhie3xevuifa2e7fnq",
                            "availability_domains.1.name": "FcAL:PHX-AD-2",
                            "availability_domains.2.compartment_id": "ocid1.tenancy.oc1..aaaaaaaaiecpb6fwi33blxe7x7s4btruzrzj77j2javhie3xevuifa2e7fnq",
                            "availability_domains.2.name": "FcAL:PHX-AD-3",
                            "compartment_id": "ocid1.tenancy.oc1..aaaaaaaaiecpb6fwi33blxe7x7s4btruzrzj77j2javhie3xevuifa2e7fnq",
                            "id": "2017-04-10 01:20:10.250609409 +0000 UTC"
                        },
                        "meta": {},
                        "tainted": false
                    },
                    "deposed": [],
                    "provider": ""
                }
            },
            "depends_on": []
        }
    ]
}
